Microsoft Visual Studio Solution File, Format Version 12.00
# Visual Studio Version 17
VisualStudioVersion = 17.5.2.0
MinimumVisualStudioVersion = 10.0.40219.1
Project("{FAE04EC0-301F-11D3-BF4B-00C04F79EFBC}") = "Symulacja Produkcji", "Symulacja Produkcji.csproj", "{E525A76E-8BD8-0F7F-D519-438C0135B88C}"
EndProject
Global
	GlobalSection(SolutionConfigurationPlatforms) = preSolution
		Debug|Any CPU = Debug|Any CPU
		Release|Any CPU = Release|Any CPU
	EndGlobalSection
	GlobalSection(ProjectConfigurationPlatforms) = postSolution
		{E525A76E-8BD8-0F7F-D519-438C0135B88C}.Debug|Any CPU.ActiveCfg = Debug|Any CPU
		{E525A76E-8BD8-0F7F-D519-438C0135B88C}.Debug|Any CPU.Build.0 = Debug|Any CPU
		{E525A76E-8BD8-0F7F-D519-438C0135B88C}.Release|Any CPU.ActiveCfg = Release|Any CPU
		{E525A76E-8BD8-0F7F-D519-438C0135B88C}.Release|Any CPU.Build.0 = Release|Any CPU
	EndGlobalSection
	GlobalSection(SolutionProperties) = preSolution
		HideSolutionNode = FALSE
	EndGlobalSection
	GlobalSection(ExtensibilityGlobals) = postSolution
		SolutionGuid = {11AED953-84BF-4CA8-AC29-DEB3910F21A1}
	EndGlobalSection
EndGlobal
